<?xml version="1.0" encoding="utf-8"?>
<Project ToolsVersion="18.0" xmlns="http://schemas.microsoft.com/developer/msbuild/2003">
  <ItemGroup>
    <ClCompile Include="C:\Users\shahr\OneDrive\Desktop\Shahram Files\Github-mirror\Complab3D-Biotic-Kinetic-AndersopnNR\versionControl\palabos-v2.3.0\src\algorithm\basicAlgorithms.cpp">
      <Filter>Source Files</Filter>
    </ClCompile>
    <ClCompile Include="C:\Users\shahr\OneDrive\Desktop\Shahram Files\Github-mirror\Complab3D-Biotic-Kinetic-AndersopnNR\versionControl\palabos-v2.3.0\src\algorithm\empiricalData.cpp">
      <Filter>Source Files</Filter>
    </ClCompile>
    <ClCompile Include="C:\Users\shahr\OneDrive\Desktop\Shahram Files\Github-mirror\Complab3D-Biotic-Kinetic-AndersopnNR\versionControl\palabos-v2.3.0\src\algorithm\statistics.cpp">
      <Filter>Source Files</Filter>
    </ClCompile>
    <ClCompile Include="C:\Users\shahr\OneDrive\Desktop\Shahram Files\Github-mirror\Complab3D-Biotic-Kinetic-AndersopnNR\versionControl\palabos-v2.3.0\src\atomicBlock\atomicBlock2D.cpp">
      <Filter>Source Files</Filter>
    </ClCompile>
    <ClCompile Include="C:\Users\shahr\OneDrive\Desktop\Shahram Files\Github-mirror\Complab3D-Biotic-Kinetic-AndersopnNR\versionControl\palabos-v2.3.0\src\atomicBlock\atomicBlock3D.cpp">
      <Filter>Source Files</Filter>
    </ClCompile>
    <ClCompile Include="C:\Users\shahr\OneDrive\Desktop\Shahram Files\Github-mirror\Complab3D-Biotic-Kinetic-AndersopnNR\versionControl\palabos-v2.3.0\src\atomicBlock\atomicBlockOperations2D.cpp">
      <Filter>Source Files</Filter>
    </ClCompile>
    <ClCompile Include="C:\Users\shahr\OneDrive\Desktop\Shahram Files\Github-mirror\Complab3D-Biotic-Kinetic-AndersopnNR\versionControl\palabos-v2.3.0\src\atomicBlock\atomicBlockOperations3D.cpp">
      <Filter>Source Files</Filter>
    </ClCompile>
    <ClCompile Include="C:\Users\shahr\OneDrive\Desktop\Shahram Files\Github-mirror\Complab3D-Biotic-Kinetic-AndersopnNR\versionControl\palabos-v2.3.0\src\atomicBlock\atomicBlockSerializer2D.cpp">
      <Filter>Source Files</Filter>
    </ClCompile>
    <ClCompile Include="C:\Users\shahr\OneDrive\Desktop\Shahram Files\Github-mirror\Complab3D-Biotic-Kinetic-AndersopnNR\versionControl\palabos-v2.3.0\src\atomicBlock\atomicBlockSerializer3D.cpp">
      <Filter>Source Files</Filter>
    </ClCompile>
    <ClCompile Include="C:\Users\shahr\OneDrive\Desktop\Shahram Files\Github-mirror\Complab3D-Biotic-Kinetic-AndersopnNR\versionControl\palabos-v2.3.0\src\atomicBlock\atomicContainerBlock2D.cpp">
      <Filter>Source Files</Filter>
    </ClCompile>
    <ClCompile Include="C:\Users\shahr\OneDrive\Desktop\Shahram Files\Github-mirror\Complab3D-Biotic-Kinetic-AndersopnNR\versionControl\palabos-v2.3.0\src\atomicBlock\atomicContainerBlock3D.cpp">
      <Filter>Source Files</Filter>
    </ClCompile>
    <ClCompile Include="C:\Users\shahr\OneDrive\Desktop\Shahram Files\Github-mirror\Complab3D-Biotic-Kinetic-AndersopnNR\versionControl\palabos-v2.3.0\src\atomicBlock\dataProcessingFunctional2D.cpp">
      <Filter>Source Files</Filter>
    </ClCompile>
    <ClCompile Include="C:\Users\shahr\OneDrive\Desktop\Shahram Files\Github-mirror\Complab3D-Biotic-Kinetic-AndersopnNR\versionControl\palabos-v2.3.0\src\atomicBlock\dataProcessingFunctional3D.cpp">
      <Filter>Source Files</Filter>
    </ClCompile>
    <ClCompile Include="C:\Users\shahr\OneDrive\Desktop\Shahram Files\Github-mirror\Complab3D-Biotic-Kinetic-AndersopnNR\versionControl\palabos-v2.3.0\src\atomicBlock\dataProcessor2D.cpp">
      <Filter>Source Files</Filter>
    </ClCompile>
    <ClCompile Include="C:\Users\shahr\OneDrive\Desktop\Shahram Files\Github-mirror\Complab3D-Biotic-Kinetic-AndersopnNR\versionControl\palabos-v2.3.0\src\atomicBlock\dataProcessor3D.cpp">
      <Filter>Source Files</Filter>
    </ClCompile>
    <ClCompile Include="C:\Users\shahr\OneDrive\Desktop\Shahram Files\Github-mirror\Complab3D-Biotic-Kinetic-AndersopnNR\versionControl\palabos-v2.3.0\src\atomicBlock\dataProcessorWrapper2D.cpp">
      <Filter>Source Files</Filter>
    </ClCompile>
    <ClCompile Include="C:\Users\shahr\OneDrive\Desktop\Shahram Files\Github-mirror\Complab3D-Biotic-Kinetic-AndersopnNR\versionControl\palabos-v2.3.0\src\atomicBlock\dataProcessorWrapper3D.cpp">
      <Filter>Source Files</Filter>
    </ClCompile>
    <ClCompile Include="C:\Users\shahr\OneDrive\Desktop\Shahram Files\Github-mirror\Complab3D-Biotic-Kinetic-AndersopnNR\versionControl\palabos-v2.3.0\src\atomicBlock\reductiveDataProcessingFunctional2D.cpp">
      <Filter>Source Files</Filter>
    </ClCompile>
    <ClCompile Include="C:\Users\shahr\OneDrive\Desktop\Shahram Files\Github-mirror\Complab3D-Biotic-Kinetic-AndersopnNR\versionControl\palabos-v2.3.0\src\atomicBlock\reductiveDataProcessingFunctional3D.cpp">
      <Filter>Source Files</Filter>
    </ClCompile>
    <ClCompile Include="C:\Users\shahr\OneDrive\Desktop\Shahram Files\Github-mirror\Complab3D-Biotic-Kinetic-AndersopnNR\versionControl\palabos-v2.3.0\src\atomicBlock\reductiveDataProcessorWrapper2D.cpp">
      <Filter>Source Files</Filter>
    </ClCompile>
    <ClCompile Include="C:\Users\shahr\OneDrive\Desktop\Shahram Files\Github-mirror\Complab3D-Biotic-Kinetic-AndersopnNR\versionControl\palabos-v2.3.0\src\atomicBlock\reductiveDataProcessorWrapper3D.cpp">
      <Filter>Source Files</Filter>
    </ClCompile>
    <ClCompile Include="C:\Users\shahr\OneDrive\Desktop\Shahram Files\Github-mirror\Complab3D-Biotic-Kinetic-AndersopnNR\versionControl\palabos-v2.3.0\src\complexDynamics\carreauGlobalDefs.cpp">
      <Filter>Source Files</Filter>
    </ClCompile>
    <ClCompile Include="C:\Users\shahr\OneDrive\Desktop\Shahram Files\Github-mirror\Complab3D-Biotic-Kinetic-AndersopnNR\versionControl\palabos-v2.3.0\src\core\block2D.cpp">
      <Filter>Source Files</Filter>
    </ClCompile>
    <ClCompile Include="C:\Users\shahr\OneDrive\Desktop\Shahram Files\Github-mirror\Complab3D-Biotic-Kinetic-AndersopnNR\versionControl\palabos-v2.3.0\src\core\block3D.cpp">
      <Filter>Source Files</Filter>
    </ClCompile>
    <ClCompile Include="C:\Users\shahr\OneDrive\Desktop\Shahram Files\Github-mirror\Complab3D-Biotic-Kinetic-AndersopnNR\versionControl\palabos-v2.3.0\src\core\blockIdentifiers.cpp">
      <Filter>Source Files</Filter>
    </ClCompile>
    <ClCompile Include="C:\Users\shahr\OneDrive\Desktop\Shahram Files\Github-mirror\Complab3D-Biotic-Kinetic-AndersopnNR\versionControl\palabos-v2.3.0\src\core\blockStatistics.cpp">
      <Filter>Source Files</Filter>
    </ClCompile>
    <ClCompile Include="C:\Users\shahr\OneDrive\Desktop\Shahram Files\Github-mirror\Complab3D-Biotic-Kinetic-AndersopnNR\versionControl\palabos-v2.3.0\src\core\blockSurface2D.cpp">
      <Filter>Source Files</Filter>
    </ClCompile>
    <ClCompile Include="C:\Users\shahr\OneDrive\Desktop\Shahram Files\Github-mirror\Complab3D-Biotic-Kinetic-AndersopnNR\versionControl\palabos-v2.3.0\src\core\blockSurface3D.cpp">
      <Filter>Source Files</Filter>
    </ClCompile>
    <ClCompile Include="C:\Users\shahr\OneDrive\Desktop\Shahram Files\Github-mirror\Complab3D-Biotic-Kinetic-AndersopnNR\versionControl\palabos-v2.3.0\src\core\globalDefs.cpp">
      <Filter>Source Files</Filter>
    </ClCompile>
    <ClCompile Include="C:\Users\shahr\OneDrive\Desktop\Shahram Files\Github-mirror\Complab3D-Biotic-Kinetic-AndersopnNR\versionControl\palabos-v2.3.0\src\core\indexUtil.cpp">
      <Filter>Source Files</Filter>
    </ClCompile>
    <ClCompile Include="C:\Users\shahr\OneDrive\Desktop\Shahram Files\Github-mirror\Complab3D-Biotic-Kinetic-AndersopnNR\versionControl\palabos-v2.3.0\src\core\multiBlockIdentifiers2D.cpp">
      <Filter>Source Files</Filter>
    </ClCompile>
    <ClCompile Include="C:\Users\shahr\OneDrive\Desktop\Shahram Files\Github-mirror\Complab3D-Biotic-Kinetic-AndersopnNR\versionControl\palabos-v2.3.0\src\core\multiBlockIdentifiers3D.cpp">
      <Filter>Source Files</Filter>
    </ClCompile>
    <ClCompile Include="C:\Users\shahr\OneDrive\Desktop\Shahram Files\Github-mirror\Complab3D-Biotic-Kinetic-AndersopnNR\versionControl\palabos-v2.3.0\src\core\plbDebug.cpp">
      <Filter>Source Files</Filter>
    </ClCompile>
    <ClCompile Include="C:\Users\shahr\OneDrive\Desktop\Shahram Files\Github-mirror\Complab3D-Biotic-Kinetic-AndersopnNR\versionControl\palabos-v2.3.0\src\core\plbInit.cpp">
      <Filter>Source Files</Filter>
    </ClCompile>
    <ClCompile Include="C:\Users\shahr\OneDrive\Desktop\Shahram Files\Github-mirror\Complab3D-Biotic-Kinetic-AndersopnNR\versionControl\palabos-v2.3.0\src\core\plbLogFiles.cpp">
      <Filter>Source Files</Filter>
    </ClCompile>
    <ClCompile Include="C:\Users\shahr\OneDrive\Desktop\Shahram Files\Github-mirror\Complab3D-Biotic-Kinetic-AndersopnNR\versionControl\palabos-v2.3.0\src\core\plbProfiler.cpp">
      <Filter>Source Files</Filter>
    </ClCompile>
    <ClCompile Include="C:\Users\shahr\OneDrive\Desktop\Shahram Files\Github-mirror\Complab3D-Biotic-Kinetic-AndersopnNR\versionControl\palabos-v2.3.0\src\core\plbTimer.cpp">
      <Filter>Source Files</Filter>
    </ClCompile>
    <ClCompile Include="C:\Users\shahr\OneDrive\Desktop\Shahram Files\Github-mirror\Complab3D-Biotic-Kinetic-AndersopnNR\versionControl\palabos-v2.3.0\src\core\plbTypenames.cpp">
      <Filter>Source Files</Filter>
    </ClCompile>
    <ClCompile Include="C:\Users\shahr\OneDrive\Desktop\Shahram Files\Github-mirror\Complab3D-Biotic-Kinetic-AndersopnNR\versionControl\palabos-v2.3.0\src\core\processorIdentifiers2D.cpp">
      <Filter>Source Files</Filter>
    </ClCompile>
    <ClCompile Include="C:\Users\shahr\OneDrive\Desktop\Shahram Files\Github-mirror\Complab3D-Biotic-Kinetic-AndersopnNR\versionControl\palabos-v2.3.0\src\core\processorIdentifiers3D.cpp">
      <Filter>Source Files</Filter>
    </ClCompile>
    <ClCompile Include="C:\Users\shahr\OneDrive\Desktop\Shahram Files\Github-mirror\Complab3D-Biotic-Kinetic-AndersopnNR\versionControl\palabos-v2.3.0\src\core\runTimeDiagnostics.cpp">
      <Filter>Source Files</Filter>
    </ClCompile>
    <ClCompile Include="C:\Users\shahr\OneDrive\Desktop\Shahram Files\Github-mirror\Complab3D-Biotic-Kinetic-AndersopnNR\versionControl\palabos-v2.3.0\src\core\serializer.cpp">
      <Filter>Source Files</Filter>
    </ClCompile>
    <ClCompile Include="C:\Users\shahr\OneDrive\Desktop\Shahram Files\Github-mirror\Complab3D-Biotic-Kinetic-AndersopnNR\versionControl\palabos-v2.3.0\src\core\units.cpp">
      <Filter>Source Files</Filter>
    </ClCompile>
    <ClCompile Include="C:\Users\shahr\OneDrive\Desktop\Shahram Files\Github-mirror\Complab3D-Biotic-Kinetic-AndersopnNR\versionControl\palabos-v2.3.0\src\dataProcessors\metaStuffFunctional2D.cpp">
      <Filter>Source Files</Filter>
    </ClCompile>
    <ClCompile Include="C:\Users\shahr\OneDrive\Desktop\Shahram Files\Github-mirror\Complab3D-Biotic-Kinetic-AndersopnNR\versionControl\palabos-v2.3.0\src\dataProcessors\metaStuffFunctional3D.cpp">
      <Filter>Source Files</Filter>
    </ClCompile>
    <ClCompile Include="C:\Users\shahr\OneDrive\Desktop\Shahram Files\Github-mirror\Complab3D-Biotic-Kinetic-AndersopnNR\versionControl\palabos-v2.3.0\src\dataProcessors\metaStuffWrapper2D.cpp">
      <Filter>Source Files</Filter>
    </ClCompile>
    <ClCompile Include="C:\Users\shahr\OneDrive\Desktop\Shahram Files\Github-mirror\Complab3D-Biotic-Kinetic-AndersopnNR\versionControl\palabos-v2.3.0\src\dataProcessors\metaStuffWrapper3D.cpp">
      <Filter>Source Files</Filter>
    </ClCompile>
    <ClCompile Include="C:\Users\shahr\OneDrive\Desktop\Shahram Files\Github-mirror\Complab3D-Biotic-Kinetic-AndersopnNR\versionControl\palabos-v2.3.0\src\gridRefinement\boxLogic3D.cpp">
      <Filter>Source Files</Filter>
    </ClCompile>
    <ClCompile Include="C:\Users\shahr\OneDrive\Desktop\Shahram Files\Github-mirror\Complab3D-Biotic-Kinetic-AndersopnNR\versionControl\palabos-v2.3.0\src\gridRefinement\couplingInterfaceGenerator3D.cpp">
      <Filter>Source Files</Filter>
    </ClCompile>
    <ClCompile Include="C:\Users\shahr\OneDrive\Desktop\Shahram Files\Github-mirror\Complab3D-Biotic-Kinetic-AndersopnNR\versionControl\palabos-v2.3.0\src\gridRefinement\octree.cpp">
      <Filter>Source Files</Filter>
    </ClCompile>
    <ClCompile Include="C:\Users\shahr\OneDrive\Desktop\Shahram Files\Github-mirror\Complab3D-Biotic-Kinetic-AndersopnNR\versionControl\palabos-v2.3.0\src\gridRefinement\octreeGridGenerator.cpp">
      <Filter>Source Files</Filter>
    </ClCompile>
    <ClCompile Include="C:\Users\shahr\OneDrive\Desktop\Shahram Files\Github-mirror\Complab3D-Biotic-Kinetic-AndersopnNR\versionControl\palabos-v2.3.0\src\gridRefinement\octreeGridStructure.cpp">
      <Filter>Source Files</Filter>
    </ClCompile>
    <ClCompile Include="C:\Users\shahr\OneDrive\Desktop\Shahram Files\Github-mirror\Complab3D-Biotic-Kinetic-AndersopnNR\versionControl\palabos-v2.3.0\src\io\colormaps.cpp">
      <Filter>Source Files</Filter>
    </ClCompile>
    <ClCompile Include="C:\Users\shahr\OneDrive\Desktop\Shahram Files\Github-mirror\Complab3D-Biotic-Kinetic-AndersopnNR\versionControl\palabos-v2.3.0\src\io\mpiParallelIO.cpp">
      <Filter>Source Files</Filter>
    </ClCompile>
    <ClCompile Include="C:\Users\shahr\OneDrive\Desktop\Shahram Files\Github-mirror\Complab3D-Biotic-Kinetic-AndersopnNR\versionControl\palabos-v2.3.0\src\io\multiBlockReader2D.cpp">
      <Filter>Source Files</Filter>
    </ClCompile>
    <ClCompile Include="C:\Users\shahr\OneDrive\Desktop\Shahram Files\Github-mirror\Complab3D-Biotic-Kinetic-AndersopnNR\versionControl\palabos-v2.3.0\src\io\multiBlockReader3D.cpp">
      <Filter>Source Files</Filter>
    </ClCompile>
    <ClCompile Include="C:\Users\shahr\OneDrive\Desktop\Shahram Files\Github-mirror\Complab3D-Biotic-Kinetic-AndersopnNR\versionControl\palabos-v2.3.0\src\io\multiBlockWriter2D.cpp">
      <Filter>Source Files</Filter>
    </ClCompile>
    <ClCompile Include="C:\Users\shahr\OneDrive\Desktop\Shahram Files\Github-mirror\Complab3D-Biotic-Kinetic-AndersopnNR\versionControl\palabos-v2.3.0\src\io\multiBlockWriter3D.cpp">
      <Filter>Source Files</Filter>
    </ClCompile>
    <ClCompile Include="C:\Users\shahr\OneDrive\Desktop\Shahram Files\Github-mirror\Complab3D-Biotic-Kinetic-AndersopnNR\versionControl\palabos-v2.3.0\src\io\parallelIO.cpp">
      <Filter>Source Files</Filter>
    </ClCompile>
    <ClCompile Include="C:\Users\shahr\OneDrive\Desktop\Shahram Files\Github-mirror\Complab3D-Biotic-Kinetic-AndersopnNR\versionControl\palabos-v2.3.0\src\io\plbFiles.cpp">
      <Filter>Source Files</Filter>
    </ClCompile>
    <ClCompile Include="C:\Users\shahr\OneDrive\Desktop\Shahram Files\Github-mirror\Complab3D-Biotic-Kinetic-AndersopnNR\versionControl\palabos-v2.3.0\src\io\serializerIO.cpp">
      <Filter>Source Files</Filter>
    </ClCompile>
    <ClCompile Include="C:\Users\shahr\OneDrive\Desktop\Shahram Files\Github-mirror\Complab3D-Biotic-Kinetic-AndersopnNR\versionControl\palabos-v2.3.0\src\io\serializerIO_2D.cpp">
      <Filter>Source Files</Filter>
    </ClCompile>
    <ClCompile Include="C:\Users\shahr\OneDrive\Desktop\Shahram Files\Github-mirror\Complab3D-Biotic-Kinetic-AndersopnNR\versionControl\palabos-v2.3.0\src\io\serializerIO_3D.cpp">
      <Filter>Source Files</Filter>
    </ClCompile>
    <ClCompile Include="C:\Users\shahr\OneDrive\Desktop\Shahram Files\Github-mirror\Complab3D-Biotic-Kinetic-AndersopnNR\versionControl\palabos-v2.3.0\src\io\sparseVtkDataOutput.cpp">
      <Filter>Source Files</Filter>
    </ClCompile>
    <ClCompile Include="C:\Users\shahr\OneDrive\Desktop\Shahram Files\Github-mirror\Complab3D-Biotic-Kinetic-AndersopnNR\versionControl\palabos-v2.3.0\src\io\utilIO_2D.cpp">
      <Filter>Source Files</Filter>
    </ClCompile>
    <ClCompile Include="C:\Users\shahr\OneDrive\Desktop\Shahram Files\Github-mirror\Complab3D-Biotic-Kinetic-AndersopnNR\versionControl\palabos-v2.3.0\src\io\utilIO_3D.cpp">
      <Filter>Source Files</Filter>
    </ClCompile>
    <ClCompile Include="C:\Users\shahr\OneDrive\Desktop\Shahram Files\Github-mirror\Complab3D-Biotic-Kinetic-AndersopnNR\versionControl\palabos-v2.3.0\src\io\vtkDataOutput.cpp">
      <Filter>Source Files</Filter>
    </ClCompile>
    <ClCompile Include="C:\Users\shahr\OneDrive\Desktop\Shahram Files\Github-mirror\Complab3D-Biotic-Kinetic-AndersopnNR\versionControl\palabos-v2.3.0\src\io\vtkStructuredDataOutput.cpp">
      <Filter>Source Files</Filter>
    </ClCompile>
    <ClCompile Include="C:\Users\shahr\OneDrive\Desktop\Shahram Files\Github-mirror\Complab3D-Biotic-Kinetic-AndersopnNR\versionControl\palabos-v2.3.0\src\libraryInterfaces\TINYXML_xmlIO.cpp">
      <Filter>Source Files</Filter>
    </ClCompile>
    <ClCompile Include="C:\Users\shahr\OneDrive\Desktop\Shahram Files\Github-mirror\Complab3D-Biotic-Kinetic-AndersopnNR\versionControl\palabos-v2.3.0\src\multiBlock\combinedStatistics.cpp">
      <Filter>Source Files</Filter>
    </ClCompile>
    <ClCompile Include="C:\Users\shahr\OneDrive\Desktop\Shahram Files\Github-mirror\Complab3D-Biotic-Kinetic-AndersopnNR\versionControl\palabos-v2.3.0\src\multiBlock\coupling2D.cpp">
      <Filter>Source Files</Filter>
    </ClCompile>
    <ClCompile Include="C:\Users\shahr\OneDrive\Desktop\Shahram Files\Github-mirror\Complab3D-Biotic-Kinetic-AndersopnNR\versionControl\palabos-v2.3.0\src\multiBlock\coupling3D.cpp">
      <Filter>Source Files</Filter>
    </ClCompile>
    <ClCompile Include="C:\Users\shahr\OneDrive\Desktop\Shahram Files\Github-mirror\Complab3D-Biotic-Kinetic-AndersopnNR\versionControl\palabos-v2.3.0\src\multiBlock\domainManipulation2D.cpp">
      <Filter>Source Files</Filter>
    </ClCompile>
    <ClCompile Include="C:\Users\shahr\OneDrive\Desktop\Shahram Files\Github-mirror\Complab3D-Biotic-Kinetic-AndersopnNR\versionControl\palabos-v2.3.0\src\multiBlock\domainManipulation3D.cpp">
      <Filter>Source Files</Filter>
    </ClCompile>
    <ClCompile Include="C:\Users\shahr\OneDrive\Desktop\Shahram Files\Github-mirror\Complab3D-Biotic-Kinetic-AndersopnNR\versionControl\palabos-v2.3.0\src\multiBlock\group2D.cpp">
      <Filter>Source Files</Filter>
    </ClCompile>
    <ClCompile Include="C:\Users\shahr\OneDrive\Desktop\Shahram Files\Github-mirror\Complab3D-Biotic-Kinetic-AndersopnNR\versionControl\palabos-v2.3.0\src\multiBlock\group3D.cpp">
      <Filter>Source Files</Filter>
    </ClCompile>
    <ClCompile Include="C:\Users\shahr\OneDrive\Desktop\Shahram Files\Github-mirror\Complab3D-Biotic-Kinetic-AndersopnNR\versionControl\palabos-v2.3.0\src\multiBlock\localMultiBlockInfo2D.cpp">
      <Filter>Source Files</Filter>
    </ClCompile>
    <ClCompile Include="C:\Users\shahr\OneDrive\Desktop\Shahram Files\Github-mirror\Complab3D-Biotic-Kinetic-AndersopnNR\versionControl\palabos-v2.3.0\src\multiBlock\localMultiBlockInfo3D.cpp">
      <Filter>Source Files</Filter>
    </ClCompile>
    <ClCompile Include="C:\Users\shahr\OneDrive\Desktop\Shahram Files\Github-mirror\Complab3D-Biotic-Kinetic-AndersopnNR\versionControl\palabos-v2.3.0\src\multiBlock\multiBlock2D.cpp">
      <Filter>Source Files</Filter>
    </ClCompile>
    <ClCompile Include="C:\Users\shahr\OneDrive\Desktop\Shahram Files\Github-mirror\Complab3D-Biotic-Kinetic-AndersopnNR\versionControl\palabos-v2.3.0\src\multiBlock\multiBlock3D.cpp">
      <Filter>Source Files</Filter>
    </ClCompile>
    <ClCompile Include="C:\Users\shahr\OneDrive\Desktop\Shahram Files\Github-mirror\Complab3D-Biotic-Kinetic-AndersopnNR\versionControl\palabos-v2.3.0\src\multiBlock\multiBlockGenerator2D.cpp">
      <Filter>Source Files</Filter>
    </ClCompile>
    <ClCompile Include="C:\Users\shahr\OneDrive\Desktop\Shahram Files\Github-mirror\Complab3D-Biotic-Kinetic-AndersopnNR\versionControl\palabos-v2.3.0\src\multiBlock\multiBlockGenerator3D.cpp">
      <Filter>Source Files</Filter>
    </ClCompile>
    <ClCompile Include="C:\Users\shahr\OneDrive\Desktop\Shahram Files\Github-mirror\Complab3D-Biotic-Kinetic-AndersopnNR\versionControl\palabos-v2.3.0\src\multiBlock\multiBlockInfo2D.cpp">
      <Filter>Source Files</Filter>
    </ClCompile>
    <ClCompile Include="C:\Users\shahr\OneDrive\Desktop\Shahram Files\Github-mirror\Complab3D-Biotic-Kinetic-AndersopnNR\versionControl\palabos-v2.3.0\src\multiBlock\multiBlockInfo3D.cpp">
      <Filter>Source Files</Filter>
    </ClCompile>
    <ClCompile Include="C:\Users\shahr\OneDrive\Desktop\Shahram Files\Github-mirror\Complab3D-Biotic-Kinetic-AndersopnNR\versionControl\palabos-v2.3.0\src\multiBlock\multiBlockManagement2D.cpp">
      <Filter>Source Files</Filter>
    </ClCompile>
    <ClCompile Include="C:\Users\shahr\OneDrive\Desktop\Shahram Files\Github-mirror\Complab3D-Biotic-Kinetic-AndersopnNR\versionControl\palabos-v2.3.0\src\multiBlock\multiBlockManagement3D.cpp">
      <Filter>Source Files</Filter>
    </ClCompile>
    <ClCompile Include="C:\Users\shahr\OneDrive\Desktop\Shahram Files\Github-mirror\Complab3D-Biotic-Kinetic-AndersopnNR\versionControl\palabos-v2.3.0\src\multiBlock\multiBlockOperations2D.cpp">
      <Filter>Source Files</Filter>
    </ClCompile>
    <ClCompile Include="C:\Users\shahr\OneDrive\Desktop\Shahram Files\Github-mirror\Complab3D-Biotic-Kinetic-AndersopnNR\versionControl\palabos-v2.3.0\src\multiBlock\multiBlockOperations3D.cpp">
      <Filter>Source Files</Filter>
    </ClCompile>
    <ClCompile Include="C:\Users\shahr\OneDrive\Desktop\Shahram Files\Github-mirror\Complab3D-Biotic-Kinetic-AndersopnNR\versionControl\palabos-v2.3.0\src\multiBlock\multiBlockSerializer2D.cpp">
      <Filter>Source Files</Filter>
    </ClCompile>
    <ClCompile Include="C:\Users\shahr\OneDrive\Desktop\Shahram Files\Github-mirror\Complab3D-Biotic-Kinetic-AndersopnNR\versionControl\palabos-v2.3.0\src\multiBlock\multiBlockSerializer3D.cpp">
      <Filter>Source Files</Filter>
    </ClCompile>
    <ClCompile Include="C:\Users\shahr\OneDrive\Desktop\Shahram Files\Github-mirror\Complab3D-Biotic-Kinetic-AndersopnNR\versionControl\palabos-v2.3.0\src\multiBlock\multiContainerBlock2D.cpp">
      <Filter>Source Files</Filter>
    </ClCompile>
    <ClCompile Include="C:\Users\shahr\OneDrive\Desktop\Shahram Files\Github-mirror\Complab3D-Biotic-Kinetic-AndersopnNR\versionControl\palabos-v2.3.0\src\multiBlock\multiContainerBlock3D.cpp">
      <Filter>Source Files</Filter>
    </ClCompile>
    <ClCompile Include="C:\Users\shahr\OneDrive\Desktop\Shahram Files\Github-mirror\Complab3D-Biotic-Kinetic-AndersopnNR\versionControl\palabos-v2.3.0\src\multiBlock\multiDataProcessorWrapper2D.cpp">
      <Filter>Source Files</Filter>
    </ClCompile>
    <ClCompile Include="C:\Users\shahr\OneDrive\Desktop\Shahram Files\Github-mirror\Complab3D-Biotic-Kinetic-AndersopnNR\versionControl\palabos-v2.3.0\src\multiBlock\multiDataProcessorWrapper3D.cpp">
      <Filter>Source Files</Filter>
    </ClCompile>
    <ClCompile Include="C:\Users\shahr\OneDrive\Desktop\Shahram Files\Github-mirror\Complab3D-Biotic-Kinetic-AndersopnNR\versionControl\palabos-v2.3.0\src\multiBlock\nonLocalTransfer2D.cpp">
      <Filter>Source Files</Filter>
    </ClCompile>
    <ClCompile Include="C:\Users\shahr\OneDrive\Desktop\Shahram Files\Github-mirror\Complab3D-Biotic-Kinetic-AndersopnNR\versionControl\palabos-v2.3.0\src\multiBlock\nonLocalTransfer2D_3D.cpp">
      <Filter>Source Files</Filter>
    </ClCompile>
    <ClCompile Include="C:\Users\shahr\OneDrive\Desktop\Shahram Files\Github-mirror\Complab3D-Biotic-Kinetic-AndersopnNR\versionControl\palabos-v2.3.0\src\multiBlock\nonLocalTransfer3D.cpp">
      <Filter>Source Files</Filter>
    </ClCompile>
    <ClCompile Include="C:\Users\shahr\OneDrive\Desktop\Shahram Files\Github-mirror\Complab3D-Biotic-Kinetic-AndersopnNR\versionControl\palabos-v2.3.0\src\multiBlock\redistribution3D.cpp">
      <Filter>Source Files</Filter>
    </ClCompile>
    <ClCompile Include="C:\Users\shahr\OneDrive\Desktop\Shahram Files\Github-mirror\Complab3D-Biotic-Kinetic-AndersopnNR\versionControl\palabos-v2.3.0\src\multiBlock\reductiveMultiDataProcessorWrapper2D.cpp">
      <Filter>Source Files</Filter>
    </ClCompile>
    <ClCompile Include="C:\Users\shahr\OneDrive\Desktop\Shahram Files\Github-mirror\Complab3D-Biotic-Kinetic-AndersopnNR\versionControl\palabos-v2.3.0\src\multiBlock\reductiveMultiDataProcessorWrapper3D.cpp">
      <Filter>Source Files</Filter>
    </ClCompile>
    <ClCompile Include="C:\Users\shahr\OneDrive\Desktop\Shahram Files\Github-mirror\Complab3D-Biotic-Kinetic-AndersopnNR\versionControl\palabos-v2.3.0\src\multiBlock\serialBlockCommunicator2D.cpp">
      <Filter>Source Files</Filter>
    </ClCompile>
    <ClCompile Include="C:\Users\shahr\OneDrive\Desktop\Shahram Files\Github-mirror\Complab3D-Biotic-Kinetic-AndersopnNR\versionControl\palabos-v2.3.0\src\multiBlock\serialBlockCommunicator3D.cpp">
      <Filter>Source Files</Filter>
    </ClCompile>
    <ClCompile Include="C:\Users\shahr\OneDrive\Desktop\Shahram Files\Github-mirror\Complab3D-Biotic-Kinetic-AndersopnNR\versionControl\palabos-v2.3.0\src\multiBlock\sparseBlockStructure2D.cpp">
      <Filter>Source Files</Filter>
    </ClCompile>
    <ClCompile Include="C:\Users\shahr\OneDrive\Desktop\Shahram Files\Github-mirror\Complab3D-Biotic-Kinetic-AndersopnNR\versionControl\palabos-v2.3.0\src\multiBlock\sparseBlockStructure3D.cpp">
      <Filter>Source Files</Filter>
    </ClCompile>
    <ClCompile Include="C:\Users\shahr\OneDrive\Desktop\Shahram Files\Github-mirror\Complab3D-Biotic-Kinetic-AndersopnNR\versionControl\palabos-v2.3.0\src\multiBlock\staticRepartitions2D.cpp">
      <Filter>Source Files</Filter>
    </ClCompile>
    <ClCompile Include="C:\Users\shahr\OneDrive\Desktop\Shahram Files\Github-mirror\Complab3D-Biotic-Kinetic-AndersopnNR\versionControl\palabos-v2.3.0\src\multiBlock\staticRepartitions3D.cpp">
      <Filter>Source Files</Filter>
    </ClCompile>
    <ClCompile Include="C:\Users\shahr\OneDrive\Desktop\Shahram Files\Github-mirror\Complab3D-Biotic-Kinetic-AndersopnNR\versionControl\palabos-v2.3.0\src\multiBlock\threadAttribution.cpp">
      <Filter>Source Files</Filter>
    </ClCompile>
    <ClCompile Include="C:\Users\shahr\OneDrive\Desktop\Shahram Files\Github-mirror\Complab3D-Biotic-Kinetic-AndersopnNR\versionControl\palabos-v2.3.0\src\multiGrid\domainDivision3D.cpp">
      <Filter>Source Files</Filter>
    </ClCompile>
    <ClCompile Include="C:\Users\shahr\OneDrive\Desktop\Shahram Files\Github-mirror\Complab3D-Biotic-Kinetic-AndersopnNR\versionControl\palabos-v2.3.0\src\multiGrid\multiGrid2D.cpp">
      <Filter>Source Files</Filter>
    </ClCompile>
    <ClCompile Include="C:\Users\shahr\OneDrive\Desktop\Shahram Files\Github-mirror\Complab3D-Biotic-Kinetic-AndersopnNR\versionControl\palabos-v2.3.0\src\multiGrid\multiGrid3D.cpp">
      <Filter>Source Files</Filter>
    </ClCompile>
    <ClCompile Include="C:\Users\shahr\OneDrive\Desktop\Shahram Files\Github-mirror\Complab3D-Biotic-Kinetic-AndersopnNR\versionControl\palabos-v2.3.0\src\multiGrid\multiGridDataProcessorWrapper2D.cpp">
      <Filter>Source Files</Filter>
    </ClCompile>
    <ClCompile Include="C:\Users\shahr\OneDrive\Desktop\Shahram Files\Github-mirror\Complab3D-Biotic-Kinetic-AndersopnNR\versionControl\palabos-v2.3.0\src\multiGrid\multiGridDataProcessorWrapper3D.cpp">
      <Filter>Source Files</Filter>
    </ClCompile>
    <ClCompile Include="C:\Users\shahr\OneDrive\Desktop\Shahram Files\Github-mirror\Complab3D-Biotic-Kinetic-AndersopnNR\versionControl\palabos-v2.3.0\src\multiGrid\multiGridManagement2D.cpp">
      <Filter>Source Files</Filter>
    </ClCompile>
    <ClCompile Include="C:\Users\shahr\OneDrive\Desktop\Shahram Files\Github-mirror\Complab3D-Biotic-Kinetic-AndersopnNR\versionControl\palabos-v2.3.0\src\multiGrid\multiGridManagement3D.cpp">
      <Filter>Source Files</Filter>
    </ClCompile>
    <ClCompile Include="C:\Users\shahr\OneDrive\Desktop\Shahram Files\Github-mirror\Complab3D-Biotic-Kinetic-AndersopnNR\versionControl\palabos-v2.3.0\src\multiGrid\multiGridOperations2D.cpp">
      <Filter>Source Files</Filter>
    </ClCompile>
    <ClCompile Include="C:\Users\shahr\OneDrive\Desktop\Shahram Files\Github-mirror\Complab3D-Biotic-Kinetic-AndersopnNR\versionControl\palabos-v2.3.0\src\multiGrid\multiGridOperations3D.cpp">
      <Filter>Source Files</Filter>
    </ClCompile>
    <ClCompile Include="C:\Users\shahr\OneDrive\Desktop\Shahram Files\Github-mirror\Complab3D-Biotic-Kinetic-AndersopnNR\versionControl\palabos-v2.3.0\src\multiGrid\multiScale.cpp">
      <Filter>Source Files</Filter>
    </ClCompile>
    <ClCompile Include="C:\Users\shahr\OneDrive\Desktop\Shahram Files\Github-mirror\Complab3D-Biotic-Kinetic-AndersopnNR\versionControl\palabos-v2.3.0\src\multiGrid\parallelizer2D.cpp">
      <Filter>Source Files</Filter>
    </ClCompile>
    <ClCompile Include="C:\Users\shahr\OneDrive\Desktop\Shahram Files\Github-mirror\Complab3D-Biotic-Kinetic-AndersopnNR\versionControl\palabos-v2.3.0\src\multiGrid\parallelizer3D.cpp">
      <Filter>Source Files</Filter>
    </ClCompile>
    <ClCompile Include="C:\Users\shahr\OneDrive\Desktop\Shahram Files\Github-mirror\Complab3D-Biotic-Kinetic-AndersopnNR\versionControl\palabos-v2.3.0\src\multiPhysics\bubbleMatch3D.cpp">
      <Filter>Source Files</Filter>
    </ClCompile>
    <ClCompile Include="C:\Users\shahr\OneDrive\Desktop\Shahram Files\Github-mirror\Complab3D-Biotic-Kinetic-AndersopnNR\versionControl\palabos-v2.3.0\src\multiPhysics\freeSurfaceAnalysis3D.cpp">
      <Filter>Source Files</Filter>
    </ClCompile>
    <ClCompile Include="C:\Users\shahr\OneDrive\Desktop\Shahram Files\Github-mirror\Complab3D-Biotic-Kinetic-AndersopnNR\versionControl\palabos-v2.3.0\src\multiPhysics\freeSurfaceModel3D.cpp">
      <Filter>Source Files</Filter>
    </ClCompile>
    <ClCompile Include="C:\Users\shahr\OneDrive\Desktop\Shahram Files\Github-mirror\Complab3D-Biotic-Kinetic-AndersopnNR\versionControl\palabos-v2.3.0\src\offLattice\domainClustering3D.cpp">
      <Filter>Source Files</Filter>
    </ClCompile>
    <ClCompile Include="C:\Users\shahr\OneDrive\Desktop\Shahram Files\Github-mirror\Complab3D-Biotic-Kinetic-AndersopnNR\versionControl\palabos-v2.3.0\src\offLattice\marchingCube.cpp">
      <Filter>Source Files</Filter>
    </ClCompile>
    <ClCompile Include="C:\Users\shahr\OneDrive\Desktop\Shahram Files\Github-mirror\Complab3D-Biotic-Kinetic-AndersopnNR\versionControl\palabos-v2.3.0\src\offLattice\voxelizer.cpp">
      <Filter>Source Files</Filter>
    </ClCompile>
    <ClCompile Include="C:\Users\shahr\OneDrive\Desktop\Shahram Files\Github-mirror\Complab3D-Biotic-Kinetic-AndersopnNR\versionControl\palabos-v2.3.0\src\parallelism\mpiManager.cpp">
      <Filter>Source Files</Filter>
    </ClCompile>
    <ClCompile Include="C:\Users\shahr\OneDrive\Desktop\Shahram Files\Github-mirror\Complab3D-Biotic-Kinetic-AndersopnNR\versionControl\palabos-v2.3.0\src\parallelism\parallelBlockCommunicator2D.cpp">
      <Filter>Source Files</Filter>
    </ClCompile>
    <ClCompile Include="C:\Users\shahr\OneDrive\Desktop\Shahram Files\Github-mirror\Complab3D-Biotic-Kinetic-AndersopnNR\versionControl\palabos-v2.3.0\src\parallelism\parallelBlockCommunicator3D.cpp">
      <Filter>Source Files</Filter>
    </ClCompile>
    <ClCompile Include="C:\Users\shahr\OneDrive\Desktop\Shahram Files\Github-mirror\Complab3D-Biotic-Kinetic-AndersopnNR\versionControl\palabos-v2.3.0\src\parallelism\parallelStatistics.cpp">
      <Filter>Source Files</Filter>
    </ClCompile>
    <ClCompile Include="C:\Users\shahr\OneDrive\Desktop\Shahram Files\Github-mirror\Complab3D-Biotic-Kinetic-AndersopnNR\versionControl\palabos-v2.3.0\src\parallelism\sendRecvPool.cpp">
      <Filter>Source Files</Filter>
    </ClCompile>
    <ClCompile Include="C:\Users\shahr\OneDrive\Desktop\Shahram Files\Github-mirror\Complab3D-Biotic-Kinetic-AndersopnNR\versionControl\palabos-v2.3.0\externalLibraries\tinyxml\tinyxml.cpp">
      <Filter>Source Files</Filter>
    </ClCompile>
    <ClCompile Include="C:\Users\shahr\OneDrive\Desktop\Shahram Files\Github-mirror\Complab3D-Biotic-Kinetic-AndersopnNR\versionControl\palabos-v2.3.0\externalLibraries\tinyxml\tinyxmlerror.cpp">
      <Filter>Source Files</Filter>
    </ClCompile>
    <ClCompile Include="C:\Users\shahr\OneDrive\Desktop\Shahram Files\Github-mirror\Complab3D-Biotic-Kinetic-AndersopnNR\versionControl\palabos-v2.3.0\externalLibraries\tinyxml\tinyxmlparser.cpp">
      <Filter>Source Files</Filter>
    </ClCompile>
  </ItemGroup>
  <ItemGroup>
    <CustomBuild Include="C:\Users\shahr\OneDrive\Desktop\Shahram Files\Github-mirror\Complab3D-Biotic-Kinetic-AndersopnNR\CMakeLists.txt" />
  </ItemGroup>
  <ItemGroup>
    <Filter Include="Source Files">
      <UniqueIdentifier>{4A35B7B4-C106-35AF-8E39-9C0FF0C12904}</UniqueIdentifier>
    </Filter>
  </ItemGroup>
</Project>
